
Microsoft Visual Studio Solution File, Format Version 12.00
# Visual Studio Version 16
VisualStudioVersion = 16.0.31624.102
MinimumVisualStudioVersion = 10.0.40219.1
Project("{FAE04EC0-301F-11D3-BF4B-00C04F79EFBC}") = "Projeto2", "Projeto2\Projeto2.csproj", "{40CD37EB-175E-41FE-B5EE-703FA097562C}"
EndProject
Global
	GlobalSection(SolutionConfigurationPlatforms) = preSolution
		Debug|Any CPU = Debug|Any CPU
		Release|Any CPU = Release|Any CPU
	EndGlobalSection
	GlobalSection(ProjectConfigurationPlatforms) = postSolution
		{40CD37EB-175E-41FE-B5EE-703FA097562C}.Debug|Any CPU.ActiveCfg = Debug|Any CPU
		{40CD37EB-175E-41FE-B5EE-703FA097562C}.Debug|Any CPU.Build.0 = Debug|Any CPU
		{40CD37EB-175E-41FE-B5EE-703FA097562C}.Release|Any CPU.ActiveCfg = Release|Any CPU
		{40CD37EB-175E-41FE-B5EE-703FA097562C}.Release|Any CPU.Build.0 = Release|Any CPU
	EndGlobalSection
	GlobalSection(SolutionProperties) = preSolution
		HideSolutionNode = FALSE
	EndGlobalSection
	GlobalSection(ExtensibilityGlobals) = postSolution
		SolutionGuid = {628A53FA-F633-43CD-AF60-650CF71C9CE5}
	EndGlobalSection
EndGlobal
