
Microsoft Visual Studio Solution File, Format Version 12.00
# Visual Studio Version 16
VisualStudioVersion = 16.0.31624.102
MinimumVisualStudioVersion = 10.0.40219.1
Project("{FAE04EC0-301F-11D3-BF4B-00C04F79EFBC}") = "RazerPageWeb", "Razer\RazerPageWeb.csproj", "{F4A59E39-A94C-4FE1-9571-EA8D20E2AB60}"
EndProject
Global
	GlobalSection(SolutionConfigurationPlatforms) = preSolution
		Debug|Any CPU = Debug|Any CPU
		Release|Any CPU = Release|Any CPU
	EndGlobalSection
	GlobalSection(ProjectConfigurationPlatforms) = postSolution
		{F4A59E39-A94C-4FE1-9571-EA8D20E2AB60}.Debug|Any CPU.ActiveCfg = Debug|Any CPU
		{F4A59E39-A94C-4FE1-9571-EA8D20E2AB60}.Debug|Any CPU.Build.0 = Debug|Any CPU
		{F4A59E39-A94C-4FE1-9571-EA8D20E2AB60}.Release|Any CPU.ActiveCfg = Release|Any CPU
		{F4A59E39-A94C-4FE1-9571-EA8D20E2AB60}.Release|Any CPU.Build.0 = Release|Any CPU
	EndGlobalSection
	GlobalSection(SolutionProperties) = preSolution
		HideSolutionNode = FALSE
	EndGlobalSection
	GlobalSection(ExtensibilityGlobals) = postSolution
		SolutionGuid = {14B9289A-AD14-4D11-B814-50EFBD1B3765}
	EndGlobalSection
EndGlobal
